
Microsoft Visual Studio Solution File, Format Version 12.00
# Visual Studio Version 17
VisualStudioVersion = 17.1.32104.313
MinimumVisualStudioVersion = 10.0.40219.1
Project("{FAE04EC0-301F-11D3-BF4B-00C04F79EFBC}") = "RepWork", "RepWork\RepWork.csproj", "{44D2DBD7-3496-4F1E-9095-EBE561B7B8E6}"
EndProject
Global
	GlobalSection(SolutionConfigurationPlatforms) = preSolution
		Debug|Any CPU = Debug|Any CPU
		Release|Any CPU = Release|Any CPU
	EndGlobalSection
	GlobalSection(ProjectConfigurationPlatforms) = postSolution
		{44D2DBD7-3496-4F1E-9095-EBE561B7B8E6}.Debug|Any CPU.ActiveCfg = Debug|Any CPU
		{44D2DBD7-3496-4F1E-9095-EBE561B7B8E6}.Debug|Any CPU.Build.0 = Debug|Any CPU
		{44D2DBD7-3496-4F1E-9095-EBE561B7B8E6}.Release|Any CPU.ActiveCfg = Release|Any CPU
		{44D2DBD7-3496-4F1E-9095-EBE561B7B8E6}.Release|Any CPU.Build.0 = Release|Any CPU
	EndGlobalSection
	GlobalSection(SolutionProperties) = preSolution
		HideSolutionNode = FALSE
	EndGlobalSection
	GlobalSection(ExtensibilityGlobals) = postSolution
		SolutionGuid = {F2906132-9514-460D-AC5A-563B25CA0E0B}
	EndGlobalSection
EndGlobal
